{
  "name": "mathematics-roadmap",
  "version": "1.0.0",
  "lockfileVersion": 3,
  "requires": true,
  "packages": {
    "": {
      "name": "mathematics-roadmap",
      "version": "1.0.0",
      "dependencies": {
        "topic-pages": "github:SpaceTravelCompany/topic-pages#main"
      }
    },
    "node_modules/marked": {
      "version": "18.0.7",
      "resolved": "https://registry.npmjs.org/marked/-/marked-18.0.7.tgz",
      "integrity": "sha512-iDVQ5ldaiKXn6b2JroX5kgRfmwgqolW7NpaEzTl1k/2Zh1njIEN9yniyLV/mOvWwtsE8OGgkjsCYvijuPk1dtA==",
      "bin": {
        "marked": "bin/marked.js"
      },
      "engines": {
        "node": ">= 20"
      }
    },
    "node_modules/topic-pages": {
      "version": "1.0.0",
      "resolved": "git+ssh://git@github.com/SpaceTravelCompany/topic-pages.git#1ed95e47acdb3f0c09e74507b54035652dc8e0fb",
      "license": "MIT",
      "dependencies": {
        "marked": "^18.0.2"
      },
      "bin": {
        "topic-pages": "bin/topic-pages.mjs"
      },
      "engines": {
        "node": ">=18"
      }
    }
  }
}
